{
  "name": "p-consumer",
  "version": "2.0.9-alpha.31",
  "lockfileVersion": 2,
  "requires": true,
  "packages": {
    "": {
      "name": "p-consumer",
      "version": "2.0.9-alpha.28",
      "license": "ISC",
      "dependencies": {
        "nirwixotherpackage": "^1.0.0"
      }
    },
    "node_modules/nirwixotherpackage": {
      "version": "1.0.0",
      "resolved": "https://registry.npmjs.org/nirwixotherpackage/-/nirwixotherpackage-1.0.0.tgz",
      "integrity": "sha512-Hx4PidFhl1nuItzvGLbRcd7Dec18tn8ZQOZVHVYmPhUIKiV9dPhrih0OZ4dEygEwCfOfKswdM0OIk9LYn5B9jA=="
    }
  },
  "dependencies": {
    "nirwixotherpackage": {
      "version": "1.0.0",
      "resolved": "https://registry.npmjs.org/nirwixotherpackage/-/nirwixotherpackage-1.0.0.tgz",
      "integrity": "sha512-Hx4PidFhl1nuItzvGLbRcd7Dec18tn8ZQOZVHVYmPhUIKiV9dPhrih0OZ4dEygEwCfOfKswdM0OIk9LYn5B9jA=="
    }
  }
}
